
Microsoft Visual Studio Solution File, Format Version 12.00
# Visual Studio 15
VisualStudioVersion = 15.0.28307.852
MinimumVisualStudioVersion = 10.0.40219.1
Project("{FAE04EC0-301F-11D3-BF4B-00C04F79EFBC}") = "MJC", "MJC\MJC.csproj", "{C0E9F807-2C31-441B-9907-452F2F416356}"
EndProject
Global
	GlobalSection(SolutionConfigurationPlatforms) = preSolution
		Debug|Any CPU = Debug|Any CPU
		Release|Any CPU = Release|Any CPU
	EndGlobalSection
	GlobalSection(ProjectConfigurationPlatforms) = postSolution
		{C0E9F807-2C31-441B-9907-452F2F416356}.Debug|Any CPU.ActiveCfg = Debug|Any CPU
		{C0E9F807-2C31-441B-9907-452F2F416356}.Debug|Any CPU.Build.0 = Debug|Any CPU
		{C0E9F807-2C31-441B-9907-452F2F416356}.Release|Any CPU.ActiveCfg = Release|Any CPU
		{C0E9F807-2C31-441B-9907-452F2F416356}.Release|Any CPU.Build.0 = Release|Any CPU
	EndGlobalSection
	GlobalSection(SolutionProperties) = preSolution
		HideSolutionNode = FALSE
	EndGlobalSection
	GlobalSection(ExtensibilityGlobals) = postSolution
		SolutionGuid = {FC6131B2-2129-4311-8B24-54FF7B224227}
	EndGlobalSection
EndGlobal
